// !$*UTF8*$!
{
	archiveVersion = 1;
	classes = {
	};
	objectVersion = 50;
	objects = {

/* Begin PBXBuildFile section */
		84AEA0E926C7A83E00E7C265 /* AppDelegate.swift in Sources */ = {isa = PBXBuildFile; fileRef = 84AEA0E826C7A83E00E7C265 /* AppDelegate.swift */; };
		84AEA0EB26C7A83E00E7C265 /* SceneDelegate.swift in Sources */ = {isa = PBXBuildFile; fileRef = 84AEA0EA26C7A83E00E7C265 /* SceneDelegate.swift */; };
		84AEA0ED26C7A83E00E7C265 /* ViewController.swift in Sources */ = {isa = PBXBuildFile; fileRef = 84AEA0EC26C7A83E00E7C265 /* ViewController.swift */; };
		84AEA0F026C7A83E00E7C265 /* Main.storyboard in Resources */ = {isa = PBXBuildFile; fileRef = 84AEA0EE26C7A83E00E7C265 /* Main.storyboard */; };
		84AEA0F326C7A83E00E7C265 /* CoreDataExample.xcdatamodeld in Sources */ = {isa = PBXBuildFile; fileRef = 84AEA0F126C7A83E00E7C265 /* CoreDataExample.xcdatamodeld */; };
		84AEA0F526C7A83F00E7C265 /* Assets.xcassets in Resources */ = {isa = PBXBuildFile; fileRef = 84AEA0F426C7A83F00E7C265 /* Assets.xcassets */; };
		84AEA0F826C7A83F00E7C265 /* LaunchScreen.storyboard in Resources */ = {isa = PBXBuildFile; fileRef = 84AEA0F626C7A83F00E7C265 /* LaunchScreen.storyboard */; };
		84AEA10126C7A92200E7C265 /* ToDoListItems+CoreDataClass.swift in Sources */ = {isa = PBXBuildFile; fileRef = 84AEA0FF26C7A92200E7C265 /* ToDoListItems+CoreDataClass.swift */; };
		84AEA10226C7A92200E7C265 /* ToDoListItems+CoreDataProperties.swift in Sources */ = {isa = PBXBuildFile; fileRef = 84AEA10026C7A92200E7C265 /* ToDoListItems+CoreDataProperties.swift */; };
/* End PBXBuildFile section */

/* Begin PBXFileReference section */
		84AEA0E526C7A83E00E7C265 /* CoreDataExample.app */ = {isa = PBXFileReference; explicitFileType = wrapper.application; includeInIndex = 0; path = CoreDataExample.app; sourceTree = BUILT_PRODUCTS_DIR; };
		84AEA0E826C7A83E00E7C265 /* AppDelegate.swift */ = {isa = PBXFileReference; lastKnownFileType = sourcecode.swift; path = AppDelegate.swift; sourceTree = "<group>"; };
		84AEA0EA26C7A83E00E7C265 /* SceneDelegate.swift */ = {isa = PBXFileReference; lastKnownFileType = sourcecode.swift; path = SceneDelegate.swift; sourceTree = "<group>"; };
		84AEA0EC26C7A83E00E7C265 /* ViewController.swift */ = {isa = PBXFileReference; lastKnownFileType = sourcecode.swift; path = ViewController.swift; sourceTree = "<group>"; };
		84AEA0EF26C7A83E00E7C265 /* Base */ = {isa = PBXFileReference; lastKnownFileType = file.storyboard; name = Base; path = Base.lproj/Main.storyboard; sourceTree = "<group>"; };
		84AEA0F226C7A83E00E7C265 /* CoreDataExample.xcdatamodel */ = {isa = PBXFileReference; lastKnownFileType = wrapper.xcdatamodel; path = CoreDataExample.xcdatamodel; sourceTree = "<group>"; };
		84AEA0F426C7A83F00E7C265 /* Assets.xcassets */ = {isa = PBXFileReference; lastKnownFileType = folder.assetcatalog; path = Assets.xcassets; sourceTree = "<group>"; };
		84AEA0F726C7A83F00E7C265 /* Base */ = {isa = PBXFileReference; lastKnownFileType = file.storyboard; name = Base; path = Base.lproj/LaunchScreen.storyboard; sourceTree = "<group>"; };
		84AEA0F926C7A83F00E7C265 /* Info.plist */ = {isa = PBXFileReference; lastKnownFileType = text.plist.xml; path = Info.plist; sourceTree = "<group>"; };
		84AEA0FF26C7A92200E7C265 /* ToDoListItems+CoreDataClass.swift */ = {isa = PBXFileReference; lastKnownFileType = sourcecode.swift; path = "ToDoListItems+CoreDataClass.swift"; sourceTree = "<group>"; };
		84AEA10026C7A92200E7C265 /* ToDoListItems+CoreDataProperties.swift */ = {isa = PBXFileReference; lastKnownFileType = sourcecode.swift; path = "ToDoListItems+CoreDataProperties.swift"; sourceTree = "<group>"; };
/* End PBXFileReference section */

/* Begin PBXFrameworksBuildPhase section */
		84AEA0E226C7A83E00E7C265 /* Frameworks */ = {
			isa = PBXFrameworksBuildPhase;
			buildActionMask = 2147483647;
			files = (
			);
			runOnlyForDeploymentPostprocessing = 0;
		};
/* End PBXFrameworksBuildPhase section */

/* Begin PBXGroup section */
		84AEA0DC26C7A83E00E7C265 = {
			isa = PBXGroup;
			children = (
				84AEA0E726C7A83E00E7C265 /* CoreDataExample */,
				84AEA0E626C7A83E00E7C265 /* Products */,
			);
			sourceTree = "<group>";
		};
		84AEA0E626C7A83E00E7C265 /* Products */ = {
			isa = PBXGroup;
			children = (
				84AEA0E526C7A83E00E7C265 /* CoreDataExample.app */,
			);
			name = Products;
			sourceTree = "<group>";
		};
		84AEA0E726C7A83E00E7C265 /* CoreDataExample */ = {
			isa = PBXGroup;
			children = (
				84AEA10326C7A97C00E7C265 /* ToDoListItem */,
				84AEA0E826C7A83E00E7C265 /* AppDelegate.swift */,
				84AEA0EA26C7A83E00E7C265 /* SceneDelegate.swift */,
				84AEA0EC26C7A83E00E7C265 /* ViewController.swift */,
				84AEA0EE26C7A83E00E7C265 /* Main.storyboard */,
				84AEA0F426C7A83F00E7C265 /* Assets.xcassets */,
				84AEA0F626C7A83F00E7C265 /* LaunchScreen.storyboard */,
				84AEA0F926C7A83F00E7C265 /* Info.plist */,
				84AEA0F126C7A83E00E7C265 /* CoreDataExample.xcdatamodeld */,
			);
			path = CoreDataExample;
			sourceTree = "<group>";
		};
		84AEA10326C7A97C00E7C265 /* ToDoListItem */ = {
			isa = PBXGroup;
			children = (
				84AEA0FF26C7A92200E7C265 /* ToDoListItems+CoreDataClass.swift */,
				84AEA10026C7A92200E7C265 /* ToDoListItems+CoreDataProperties.swift */,
			);
			path = ToDoListItem;
			sourceTree = "<group>";
		};
/* End PBXGroup section */

/* Begin PBXNativeTarget section */
		84AEA0E426C7A83E00E7C265 /* CoreDataExample */ = {
			isa = PBXNativeTarget;
			buildConfigurationList = 84AEA0FC26C7A83F00E7C265 /* Build configuration list for PBXNativeTarget "CoreDataExample" */;
			buildPhases = (
				84AEA0E126C7A83E00E7C265 /* Sources */,
				84AEA0E226C7A83E00E7C265 /* Frameworks */,
				84AEA0E326C7A83E00E7C265 /* Resources */,
			);
			buildRules = (
			);
			dependencies = (
			);
			name = CoreDataExample;
			productName = CoreDataExample;
			productReference = 84AEA0E526C7A83E00E7C265 /* CoreDataExample.app */;
			productType = "com.apple.product-type.application";
		};
/* End PBXNativeTarget section */

/* Begin PBXProject section */
		84AEA0DD26C7A83E00E7C265 /* Project object */ = {
			isa = PBXProject;
			attributes = {
				LastSwiftUpdateCheck = 1250;
				LastUpgradeCheck = 1250;
				TargetAttributes = {
					84AEA0E426C7A83E00E7C265 = {
						CreatedOnToolsVersion = 12.5;
					};
				};
			};
			buildConfigurationList = 84AEA0E026C7A83E00E7C265 /* Build configuration list for PBXProject "CoreDataExample" */;
			compatibilityVersion = "Xcode 9.3";
			developmentRegion = en;
			hasScannedForEncodings = 0;
			knownRegions = (
				en,
				Base,
			);
			mainGroup = 84AEA0DC26C7A83E00E7C265;
			productRefGroup = 84AEA0E626C7A83E00E7C265 /* Products */;
			projectDirPath = "";
			projectRoot = "";
			targets = (
				84AEA0E426C7A83E00E7C265 /* CoreDataExample */,
			);
		};
/* End PBXProject section */

/* Begin PBXResourcesBuildPhase section */
		84AEA0E326C7A83E00E7C265 /* Resources */ = {
			isa = PBXResourcesBuildPhase;
			buildActionMask = 2147483647;
			files = (
				84AEA0F826C7A83F00E7C265 /* LaunchScreen.storyboard in Resources */,
				84AEA0F526C7A83F00E7C265 /* Assets.xcassets in Resources */,
				84AEA0F026C7A83E00E7C265 /* Main.storyboard in Resources */,
			);
			runOnlyForDeploymentPostprocessing = 0;
		};
/* End PBXResourcesBuildPhase section */

/* Begin PBXSourcesBuildPhase section */
		84AEA0E126C7A83E00E7C265 /* Sources */ = {
			isa = PBXSourcesBuildPhase;
			buildActionMask = 2147483647;
			files = (
				84AEA10226C7A92200E7C265 /* ToDoListItems+CoreDataProperties.swift in Sources */,
				84AEA0ED26C7A83E00E7C265 /* ViewController.swift in Sources */,
				84AEA10126C7A92200E7C265 /* ToDoListItems+CoreDataClass.swift in Sources */,
				84AEA0E926C7A83E00E7C265 /* AppDelegate.swift in Sources */,
				84AEA0EB26C7A83E00E7C265 /* SceneDelegate.swift in Sources */,
				84AEA0F326C7A83E00E7C265 /* CoreDataExample.xcdatamodeld in Sources */,
			);
			runOnlyForDeploymentPostprocessing = 0;
		};
/* End PBXSourcesBuildPhase section */

/* Begin PBXVariantGroup section */
		84AEA0EE26C7A83E00E7C265 /* Main.storyboard */ = {
			isa = PBXVariantGroup;
			children = (
				84AEA0EF26C7A83E00E7C265 /* Base */,
			);
			name = Main.storyboard;
			sourceTree = "<group>";
		};
		84AEA0F626C7A83F00E7C265 /* LaunchScreen.storyboard */ = {
			isa = PBXVariantGroup;
			children = (
				84AEA0F726C7A83F00E7C265 /* Base */,
			);
			name = LaunchScreen.storyboard;
			sourceTree = "<group>";
		};
/* End PBXVariantGroup section */

/* Begin XCBuildConfiguration section */
		84AEA0FA26C7A83F00E7C265 /* Debug */ = {
			isa = XCBuildConfiguration;
			buildSettings = {
				ALWAYS_SEARCH_USER_PATHS = NO;
				CLANG_ANALYZER_NONNULL = YES;
				CLANG_ANALYZER_NUMBER_OBJECT_CONVERSION = YES_AGGRESSIVE;
				CLANG_CXX_LANGUAGE_STANDARD = "gnu++14";
				CLANG_CXX_LIBRARY = "libc++";
				CLANG_ENABLE_MODULES = YES;
				CLANG_ENABLE_OBJC_ARC = YES;
				CLANG_ENABLE_OBJC_WEAK = YES;
				CLANG_WARN_BLOCK_CAPTURE_AUTORELEASING = YES;
				CLANG_WARN_BOOL_CONVERSION = YES;
				CLANG_WARN_COMMA = YES;
				CLANG_WARN_CONSTANT_CONVERSION = YES;
				CLANG_WARN_DEPRECATED_OBJC_IMPLEMENTATIONS = YES;
				CLANG_WARN_DIRECT_OBJC_ISA_USAGE = YES_ERROR;
				CLANG_WARN_DOCUMENTATION_COMMENTS = YES;
				CLANG_WARN_EMPTY_BODY = YES;
				CLANG_WARN_ENUM_CONVERSION = YES;
				CLANG_WARN_INFINITE_RECURSION = YES;
				CLANG_WARN_INT_CONVERSION = YES;
				CLANG_WARN_NON_LITERAL_NULL_CONVERSION = YES;
				CLANG_WARN_OBJC_IMPLICIT_RETAIN_SELF = YES;
				CLANG_WARN_OBJC_LITERAL_CONVERSION = YES;
				CLANG_WARN_OBJC_ROOT_CLASS = YES_ERROR;
				CLANG_WARN_QUOTED_INCLUDE_IN_FRAMEWORK_HEADER = YES;
				CLANG_WARN_RANGE_LOOP_ANALYSIS = YES;
				CLANG_WARN_STRICT_PROTOTYPES = YES;
				CLANG_WARN_SUSPICIOUS_MOVE = YES;
				CLANG_WARN_UNGUARDED_AVAILABILITY = YES_AGGRESSIVE;
				CLANG_WARN_UNREACHABLE_CODE = YES;
				CLANG_WARN__DUPLICATE_METHOD_MATCH = YES;
				COPY_PHASE_STRIP = NO;
				DEBUG_INFORMATION_FORMAT = dwarf;
				ENABLE_STRICT_OBJC_MSGSEND = YES;
				ENABLE_TESTABILITY = YES;
				GCC_C_LANGUAGE_STANDARD = gnu11;
				GCC_DYNAMIC_NO_PIC = NO;
				GCC_NO_COMMON_BLOCKS = YES;
				GCC_OPTIMIZATION_LEVEL = 0;
				GCC_PREPROCESSOR_DEFINITIONS = (
					"DEBUG=1",
					"$(inherited)",
				);
				GCC_WARN_64_TO_32_BIT_CONVERSION = YES;
				GCC_WARN_ABOUT_RETURN_TYPE = YES_ERROR;
				GCC_WARN_UNDECLARED_SELECTOR = YES;
				GCC_WARN_UNINITIALIZED_AUTOS = YES_AGGRESSIVE;
				GCC_WARN_UNUSED_FUNCTION = YES;
				GCC_WARN_UNUSED_VARIABLE = YES;
				IPHONEOS_DEPLOYMENT_TARGET = 14.5;
				MTL_ENABLE_DEBUG_INFO = INCLUDE_SOURCE;
				MTL_FAST_MATH = YES;
				ONLY_ACTIVE_ARCH = YES;
				SDKROOT = iphoneos;
				SWIFT_ACTIVE_COMPILATION_CONDITIONS = DEBUG;
				SWIFT_OPTIMIZATION_LEVEL = "-Onone";
			};
			name = Debug;
		};
		84AEA0FB26C7A83F00E7C265 /* Release */ = {
			isa = XCBuildConfiguration;
			buildSettings = {
				ALWAYS_SEARCH_USER_PATHS = NO;
				CLANG_ANALYZER_NONNULL = YES;
				CLANG_ANALYZER_NUMBER_OBJECT_CONVERSION = YES_AGGRESSIVE;
				CLANG_CXX_LANGUAGE_STANDARD = "gnu++14";
				CLANG_CXX_LIBRARY = "libc++";
				CLANG_ENABLE_MODULES = YES;
				CLANG_ENABLE_OBJC_ARC = YES;
				CLANG_ENABLE_OBJC_WEAK = YES;
				CLANG_WARN_BLOCK_CAPTURE_AUTORELEASING = YES;
				CLANG_WARN_BOOL_CONVERSION = YES;
				CLANG_WARN_COMMA = YES;
				CLANG_WARN_CONSTANT_CONVERSION = YES;
				CLANG_WARN_DEPRECATED_OBJC_IMPLEMENTATIONS = YES;
				CLANG_WARN_DIRECT_OBJC_ISA_USAGE = YES_ERROR;
				CLANG_WARN_DOCUMENTATION_COMMENTS = YES;
				CLANG_WARN_EMPTY_BODY = YES;
				CLANG_WARN_ENUM_CONVERSION = YES;
				CLANG_WARN_INFINITE_RECURSION = YES;
				CLANG_WARN_INT_CONVERSION = YES;
				CLANG_WARN_NON_LITERAL_NULL_CONVERSION = YES;
				CLANG_WARN_OBJC_IMPLICIT_RETAIN_SELF = YES;
				CLANG_WARN_OBJC_LITERAL_CONVERSION = YES;
				CLANG_WARN_OBJC_ROOT_CLASS = YES_ERROR;
				CLANG_WARN_QUOTED_INCLUDE_IN_FRAMEWORK_HEADER = YES;
				CLANG_WARN_RANGE_LOOP_ANALYSIS = YES;
				CLANG_WARN_STRICT_PROTOTYPES = YES;
				CLANG_WARN_SUSPICIOUS_MOVE = YES;
				CLANG_WARN_UNGUARDED_AVAILABILITY = YES_AGGRESSIVE;
				CLANG_WARN_UNREACHABLE_CODE = YES;
				CLANG_WARN__DUPLICATE_METHOD_MATCH = YES;
				COPY_PHASE_STRIP = NO;
				DEBUG_INFORMATION_FORMAT = "dwarf-with-dsym";
				ENABLE_NS_ASSERTIONS = NO;
				ENABLE_STRICT_OBJC_MSGSEND = YES;
				GCC_C_LANGUAGE_STANDARD = gnu11;
				GCC_NO_COMMON_BLOCKS = YES;
				GCC_WARN_64_TO_32_BIT_CONVERSION = YES;
				GCC_WARN_ABOUT_RETURN_TYPE = YES_ERROR;
				GCC_WARN_UNDECLARED_SELECTOR = YES;
				GCC_WARN_UNINITIALIZED_AUTOS = YES_AGGRESSIVE;
				GCC_WARN_UNUSED_FUNCTION = YES;
				GCC_WARN_UNUSED_VARIABLE = YES;
				IPHONEOS_DEPLOYMENT_TARGET = 14.5;
				MTL_ENABLE_DEBUG_INFO = NO;
				MTL_FAST_MATH = YES;
				SDKROOT = iphoneos;
				SWIFT_COMPILATION_MODE = wholemodule;
				SWIFT_OPTIMIZATION_LEVEL = "-O";
				VALIDATE_PRODUCT = YES;
			};
			name = Release;
		};
		84AEA0FD26C7A83F00E7C265 /* Debug */ = {
			isa = XCBuildConfiguration;
			buildSettings = {
				ASSETCATALOG_COMPILER_APPICON_NAME = AppIcon;
				ASSETCATALOG_COMPILER_GLOBAL_ACCENT_COLOR_NAME = AccentColor;
				CODE_SIGN_STYLE = Automatic;
				DEVELOPMENT_TEAM = 962ZH72M53;
				INFOPLIST_FILE = CoreDataExample/Info.plist;
				LD_RUNPATH_SEARCH_PATHS = (
					"$(inherited)",
					"@executable_path/Frameworks",
				);
				PRODUCT_BUNDLE_IDENTIFIER = Developers.CoreDataExample;
				PRODUCT_NAME = "$(TARGET_NAME)";
				SWIFT_VERSION = 5.0;
				TARGETED_DEVICE_FAMILY = "1,2";
			};
			name = Debug;
		};
		84AEA0FE26C7A83F00E7C265 /* Release */ = {
			isa = XCBuildConfiguration;
			buildSettings = {
				ASSETCATALOG_COMPILER_APPICON_NAME = AppIcon;
				ASSETCATALOG_COMPILER_GLOBAL_ACCENT_COLOR_NAME = AccentColor;
				CODE_SIGN_STYLE = Automatic;
				DEVELOPMENT_TEAM = 962ZH72M53;
				INFOPLIST_FILE = CoreDataExample/Info.plist;
				LD_RUNPATH_SEARCH_PATHS = (
					"$(inherited)",
					"@executable_path/Frameworks",
				);
				PRODUCT_BUNDLE_IDENTIFIER = Developers.CoreDataExample;
				PRODUCT_NAME = "$(TARGET_NAME)";
				SWIFT_VERSION = 5.0;
				TARGETED_DEVICE_FAMILY = "1,2";
			};
			name = Release;
		};
/* End XCBuildConfiguration section */

/* Begin XCConfigurationList section */
		84AEA0E026C7A83E00E7C265 /* Build configuration list for PBXProject "CoreDataExample" */ = {
			isa = XCConfigurationList;
			buildConfigurations = (
				84AEA0FA26C7A83F00E7C265 /* Debug */,
				84AEA0FB26C7A83F00E7C265 /* Release */,
			);
			defaultConfigurationIsVisible = 0;
			defaultConfigurationName = Release;
		};
		84AEA0FC26C7A83F00E7C265 /* Build configuration list for PBXNativeTarget "CoreDataExample" */ = {
			isa = XCConfigurationList;
			buildConfigurations = (
				84AEA0FD26C7A83F00E7C265 /* Debug */,
				84AEA0FE26C7A83F00E7C265 /* Release */,
			);
			defaultConfigurationIsVisible = 0;
			defaultConfigurationName = Release;
		};
/* End XCConfigurationList section */

/* Begin XCVersionGroup section */
		84AEA0F126C7A83E00E7C265 /* CoreDataExample.xcdatamodeld */ = {
			isa = XCVersionGroup;
			children = (
				84AEA0F226C7A83E00E7C265 /* CoreDataExample.xcdatamodel */,
			);
			currentVersion = 84AEA0F226C7A83E00E7C265 /* CoreDataExample.xcdatamodel */;
			path = CoreDataExample.xcdatamodeld;
			sourceTree = "<group>";
			versionGroupType = wrapper.xcdatamodel;
		};
/* End XCVersionGroup section */
	};
	rootObject = 84AEA0DD26C7A83E00E7C265 /* Project object */;
}
